{
  "name": "redos_pattern_matcher",
  "lockfileVersion": 2,
  "requires": true,
  "packages": {
    "": {
      "dependencies": {
        "regexp-tree": "^0.1.24"
      }
    },
    "node_modules/regexp-tree": {
      "version": "0.1.24",
      "resolved": "https://registry.npmjs.org/regexp-tree/-/regexp-tree-0.1.24.tgz",
      "integrity": "sha512-s2aEVuLhvnVJW6s/iPgEGK6R+/xngd2jNQ+xy4bXNDKxZKJH6jpPHY6kVeVv1IeLCHgswRj+Kl3ELaDjG6V1iw==",
      "bin": {
        "regexp-tree": "bin/regexp-tree"
      }
    }
  },
  "dependencies": {
    "regexp-tree": {
      "version": "0.1.24",
      "resolved": "https://registry.npmjs.org/regexp-tree/-/regexp-tree-0.1.24.tgz",
      "integrity": "sha512-s2aEVuLhvnVJW6s/iPgEGK6R+/xngd2jNQ+xy4bXNDKxZKJH6jpPHY6kVeVv1IeLCHgswRj+Kl3ELaDjG6V1iw=="
    }
  }
}
